
Microsoft Visual Studio Solution File, Format Version 12.00
# Visual Studio 15
VisualStudioVersion = 15.0.27004.2002
MinimumVisualStudioVersion = 10.0.40219.1
Project("{9A19103F-16F7-4668-BE54-9A1E7A4F7556}") = "LY.DTO", "LY.DTO\LY.DTO.csproj", "{2C42780E-8C4F-4608-A0C4-3C4F95036408}"
EndProject
Project("{9A19103F-16F7-4668-BE54-9A1E7A4F7556}") = "LY.Common", "LY.Common\LY.Common.csproj", "{9A42F494-9057-4E08-832A-1975EE7BE862}"
EndProject
Project("{9A19103F-16F7-4668-BE54-9A1E7A4F7556}") = "LY.Domain", "LY.Domain\LY.Domain.csproj", "{19ACF0C1-C6C8-45F3-B0D8-E157E5D5997A}"
EndProject
Project("{9A19103F-16F7-4668-BE54-9A1E7A4F7556}") = "LY.EFRepository", "LY.EFRepository\LY.EFRepository.csproj", "{71FBFF56-079A-4A28-BC0F-660FB5182AA9}"
EndProject
Project("{9A19103F-16F7-4668-BE54-9A1E7A4F7556}") = "LY.Application", "LY.Application\LY.Application.csproj", "{D500D473-CCFE-4F70-AADE-0EE19EC6CCB8}"
EndProject
Project("{9A19103F-16F7-4668-BE54-9A1E7A4F7556}") = "LY.Initializer", "LY.Initializer\LY.Initializer.csproj", "{F15ECEB4-D81C-4E75-A5DD-8482B5DC6218}"
EndProject
Project("{9A19103F-16F7-4668-BE54-9A1E7A4F7556}") = "LY.SysService", "LY.SysService\LY.SysService.csproj", "{24645505-E088-4319-A211-0871138DD755}"
EndProject
Project("{9A19103F-16F7-4668-BE54-9A1E7A4F7556}") = "LY.OrderService", "LY.OrderService\LY.OrderService.csproj", "{DC63A13D-647D-42B4-942D-D5A4135E4F87}"
EndProject
Project("{2150E333-8FDC-42A3-9474-1A3956D46DE8}") = "Services", "Services", "{5A4379AE-85E3-4BCB-9B24-DAADB0F74371}"
EndProject
Project("{9A19103F-16F7-4668-BE54-9A1E7A4F7556}") = "LY.Gateway", "LY.Gateway\LY.Gateway.csproj", "{91055AF4-9218-4B33-8DAD-90AA6F8EA0B0}"
EndProject
Project("{2150E333-8FDC-42A3-9474-1A3956D46DE8}") = "Tools", "Tools", "{D4F0DC31-79CA-4350-B18F-681CFFBBB944}"
EndProject
Project("{9A19103F-16F7-4668-BE54-9A1E7A4F7556}") = "LY.AutoStart", "LY.AutoStart\LY.AutoStart.csproj", "{21A4537C-616E-4EC1-BD65-C8E600DFC141}"
EndProject
Project("{9A19103F-16F7-4668-BE54-9A1E7A4F7556}") = "LY.Daemon", "LY.Daemon\LY.Daemon.csproj", "{7A7A2EF5-346F-4B06-AEBD-D7EA1E3D1C47}"
EndProject
Project("{2150E333-8FDC-42A3-9474-1A3956D46DE8}") = "Tests", "Tests", "{917F6AE9-C7C3-486A-86BB-C324FBC8F709}"
EndProject
Project("{9A19103F-16F7-4668-BE54-9A1E7A4F7556}") = "Service.Test", "Service.Test\Service.Test.csproj", "{6D17D97D-F15F-410A-96E7-B77A85502E50}"
EndProject
Project("{9A19103F-16F7-4668-BE54-9A1E7A4F7556}") = "LY.NugetGen", "LY.NugetGen\LY.NugetGen.csproj", "{16FE9754-52FD-42D3-B259-3FD5D9F6BB33}"
EndProject
Project("{2150E333-8FDC-42A3-9474-1A3956D46DE8}") = "Architecture", "Architecture", "{A4E63F2E-C25F-4E37-A4DF-A1DA1055C5A2}"
EndProject
Global
	GlobalSection(SolutionConfigurationPlatforms) = preSolution
		Debug|Any CPU = Debug|Any CPU
		Release|Any CPU = Release|Any CPU
	EndGlobalSection
	GlobalSection(ProjectConfigurationPlatforms) = postSolution
		{2C42780E-8C4F-4608-A0C4-3C4F95036408}.Debug|Any CPU.ActiveCfg = Debug|Any CPU
		{2C42780E-8C4F-4608-A0C4-3C4F95036408}.Debug|Any CPU.Build.0 = Debug|Any CPU
		{2C42780E-8C4F-4608-A0C4-3C4F95036408}.Release|Any CPU.ActiveCfg = Release|Any CPU
		{2C42780E-8C4F-4608-A0C4-3C4F95036408}.Release|Any CPU.Build.0 = Release|Any CPU
		{9A42F494-9057-4E08-832A-1975EE7BE862}.Debug|Any CPU.ActiveCfg = Debug|Any CPU
		{9A42F494-9057-4E08-832A-1975EE7BE862}.Debug|Any CPU.Build.0 = Debug|Any CPU
		{9A42F494-9057-4E08-832A-1975EE7BE862}.Release|Any CPU.ActiveCfg = Release|Any CPU
		{9A42F494-9057-4E08-832A-1975EE7BE862}.Release|Any CPU.Build.0 = Release|Any CPU
		{19ACF0C1-C6C8-45F3-B0D8-E157E5D5997A}.Debug|Any CPU.ActiveCfg = Debug|Any CPU
		{19ACF0C1-C6C8-45F3-B0D8-E157E5D5997A}.Debug|Any CPU.Build.0 = Debug|Any CPU
		{19ACF0C1-C6C8-45F3-B0D8-E157E5D5997A}.Release|Any CPU.ActiveCfg = Release|Any CPU
		{19ACF0C1-C6C8-45F3-B0D8-E157E5D5997A}.Release|Any CPU.Build.0 = Release|Any CPU
		{71FBFF56-079A-4A28-BC0F-660FB5182AA9}.Debug|Any CPU.ActiveCfg = Debug|Any CPU
		{71FBFF56-079A-4A28-BC0F-660FB5182AA9}.Debug|Any CPU.Build.0 = Debug|Any CPU
		{71FBFF56-079A-4A28-BC0F-660FB5182AA9}.Release|Any CPU.ActiveCfg = Release|Any CPU
		{71FBFF56-079A-4A28-BC0F-660FB5182AA9}.Release|Any CPU.Build.0 = Release|Any CPU
		{D500D473-CCFE-4F70-AADE-0EE19EC6CCB8}.Debug|Any CPU.ActiveCfg = Debug|Any CPU
		{D500D473-CCFE-4F70-AADE-0EE19EC6CCB8}.Debug|Any CPU.Build.0 = Debug|Any CPU
		{D500D473-CCFE-4F70-AADE-0EE19EC6CCB8}.Release|Any CPU.ActiveCfg = Release|Any CPU
		{D500D473-CCFE-4F70-AADE-0EE19EC6CCB8}.Release|Any CPU.Build.0 = Release|Any CPU
		{F15ECEB4-D81C-4E75-A5DD-8482B5DC6218}.Debug|Any CPU.ActiveCfg = Debug|Any CPU
		{F15ECEB4-D81C-4E75-A5DD-8482B5DC6218}.Debug|Any CPU.Build.0 = Debug|Any CPU
		{F15ECEB4-D81C-4E75-A5DD-8482B5DC6218}.Release|Any CPU.ActiveCfg = Release|Any CPU
		{F15ECEB4-D81C-4E75-A5DD-8482B5DC6218}.Release|Any CPU.Build.0 = Release|Any CPU
		{24645505-E088-4319-A211-0871138DD755}.Debug|Any CPU.ActiveCfg = Debug|Any CPU
		{24645505-E088-4319-A211-0871138DD755}.Debug|Any CPU.Build.0 = Debug|Any CPU
		{24645505-E088-4319-A211-0871138DD755}.Release|Any CPU.ActiveCfg = Release|Any CPU
		{24645505-E088-4319-A211-0871138DD755}.Release|Any CPU.Build.0 = Release|Any CPU
		{DC63A13D-647D-42B4-942D-D5A4135E4F87}.Debug|Any CPU.ActiveCfg = Debug|Any CPU
		{DC63A13D-647D-42B4-942D-D5A4135E4F87}.Debug|Any CPU.Build.0 = Debug|Any CPU
		{DC63A13D-647D-42B4-942D-D5A4135E4F87}.Release|Any CPU.ActiveCfg = Release|Any CPU
		{DC63A13D-647D-42B4-942D-D5A4135E4F87}.Release|Any CPU.Build.0 = Release|Any CPU
		{91055AF4-9218-4B33-8DAD-90AA6F8EA0B0}.Debug|Any CPU.ActiveCfg = Debug|Any CPU
		{91055AF4-9218-4B33-8DAD-90AA6F8EA0B0}.Debug|Any CPU.Build.0 = Debug|Any CPU
		{91055AF4-9218-4B33-8DAD-90AA6F8EA0B0}.Release|Any CPU.ActiveCfg = Release|Any CPU
		{91055AF4-9218-4B33-8DAD-90AA6F8EA0B0}.Release|Any CPU.Build.0 = Release|Any CPU
		{21A4537C-616E-4EC1-BD65-C8E600DFC141}.Debug|Any CPU.ActiveCfg = Debug|Any CPU
		{21A4537C-616E-4EC1-BD65-C8E600DFC141}.Debug|Any CPU.Build.0 = Debug|Any CPU
		{21A4537C-616E-4EC1-BD65-C8E600DFC141}.Release|Any CPU.ActiveCfg = Release|Any CPU
		{21A4537C-616E-4EC1-BD65-C8E600DFC141}.Release|Any CPU.Build.0 = Release|Any CPU
		{7A7A2EF5-346F-4B06-AEBD-D7EA1E3D1C47}.Debug|Any CPU.ActiveCfg = Debug|Any CPU
		{7A7A2EF5-346F-4B06-AEBD-D7EA1E3D1C47}.Debug|Any CPU.Build.0 = Debug|Any CPU
		{7A7A2EF5-346F-4B06-AEBD-D7EA1E3D1C47}.Release|Any CPU.ActiveCfg = Release|Any CPU
		{7A7A2EF5-346F-4B06-AEBD-D7EA1E3D1C47}.Release|Any CPU.Build.0 = Release|Any CPU
		{6D17D97D-F15F-410A-96E7-B77A85502E50}.Debug|Any CPU.ActiveCfg = Debug|Any CPU
		{6D17D97D-F15F-410A-96E7-B77A85502E50}.Debug|Any CPU.Build.0 = Debug|Any CPU
		{6D17D97D-F15F-410A-96E7-B77A85502E50}.Release|Any CPU.ActiveCfg = Release|Any CPU
		{6D17D97D-F15F-410A-96E7-B77A85502E50}.Release|Any CPU.Build.0 = Release|Any CPU
		{16FE9754-52FD-42D3-B259-3FD5D9F6BB33}.Debug|Any CPU.ActiveCfg = Debug|Any CPU
		{16FE9754-52FD-42D3-B259-3FD5D9F6BB33}.Debug|Any CPU.Build.0 = Debug|Any CPU
		{16FE9754-52FD-42D3-B259-3FD5D9F6BB33}.Release|Any CPU.ActiveCfg = Release|Any CPU
		{16FE9754-52FD-42D3-B259-3FD5D9F6BB33}.Release|Any CPU.Build.0 = Release|Any CPU
	EndGlobalSection
	GlobalSection(SolutionProperties) = preSolution
		HideSolutionNode = FALSE
	EndGlobalSection
	GlobalSection(NestedProjects) = preSolution
		{9A42F494-9057-4E08-832A-1975EE7BE862} = {A4E63F2E-C25F-4E37-A4DF-A1DA1055C5A2}
		{71FBFF56-079A-4A28-BC0F-660FB5182AA9} = {A4E63F2E-C25F-4E37-A4DF-A1DA1055C5A2}
		{F15ECEB4-D81C-4E75-A5DD-8482B5DC6218} = {A4E63F2E-C25F-4E37-A4DF-A1DA1055C5A2}
		{24645505-E088-4319-A211-0871138DD755} = {5A4379AE-85E3-4BCB-9B24-DAADB0F74371}
		{DC63A13D-647D-42B4-942D-D5A4135E4F87} = {5A4379AE-85E3-4BCB-9B24-DAADB0F74371}
		{91055AF4-9218-4B33-8DAD-90AA6F8EA0B0} = {5A4379AE-85E3-4BCB-9B24-DAADB0F74371}
		{21A4537C-616E-4EC1-BD65-C8E600DFC141} = {D4F0DC31-79CA-4350-B18F-681CFFBBB944}
		{7A7A2EF5-346F-4B06-AEBD-D7EA1E3D1C47} = {5A4379AE-85E3-4BCB-9B24-DAADB0F74371}
		{6D17D97D-F15F-410A-96E7-B77A85502E50} = {917F6AE9-C7C3-486A-86BB-C324FBC8F709}
		{16FE9754-52FD-42D3-B259-3FD5D9F6BB33} = {D4F0DC31-79CA-4350-B18F-681CFFBBB944}
	EndGlobalSection
	GlobalSection(ExtensibilityGlobals) = postSolution
		SolutionGuid = {3C9339F0-9D5E-487B-8972-9A0216337BCE}
	EndGlobalSection
EndGlobal
