
Microsoft Visual Studio Solution File, Format Version 12.00
# Visual Studio 15
VisualStudioVersion = 15.0.26228.4
MinimumVisualStudioVersion = 10.0.40219.1
Project("{9A19103F-16F7-4668-BE54-9A1E7A4F7556}") = "LY.Api", "LY.Api\LY.Api.csproj", "{06DF6358-4A6F-4B05-ABF8-EB1AAD628DE9}"
EndProject
Project("{9A19103F-16F7-4668-BE54-9A1E7A4F7556}") = "LY.Application", "LY.Application\LY.Application.csproj", "{0EF9DF3C-0251-4BF4-9911-5132C9A571C8}"
EndProject
Project("{9A19103F-16F7-4668-BE54-9A1E7A4F7556}") = "LY.Common", "LY.Common\LY.Common.csproj", "{6FF21F31-3F8A-4C06-98DA-420730E94C9E}"
EndProject
Project("{9A19103F-16F7-4668-BE54-9A1E7A4F7556}") = "LY.Daemon", "LY.Daemon\LY.Daemon.csproj", "{C00D3C83-C997-4E95-80B9-7377EA352384}"
EndProject
Project("{9A19103F-16F7-4668-BE54-9A1E7A4F7556}") = "LY.Domain", "LY.Domain\LY.Domain.csproj", "{67697963-F08F-462C-A492-1FF73C237D2A}"
EndProject
Project("{9A19103F-16F7-4668-BE54-9A1E7A4F7556}") = "LY.EFRepository", "LY.EFRepository\LY.EFRepository.csproj", "{31E5CDE2-4363-4122-B856-ED45026C38F6}"
EndProject
Project("{9A19103F-16F7-4668-BE54-9A1E7A4F7556}") = "LY.Initializer", "LY.Initializer\LY.Initializer.csproj", "{30F30D13-4E3B-4737-AB61-F0D16FB32876}"
EndProject
Project("{9A19103F-16F7-4668-BE54-9A1E7A4F7556}") = "LY.Test", "LY.Test\LY.Test.csproj", "{9541EE80-A472-4D1D-AF97-34A34238F9FF}"
EndProject
Project("{9A19103F-16F7-4668-BE54-9A1E7A4F7556}") = "LY.Web", "LY.Web\LY.Web.csproj", "{681ED026-3BD2-4DFA-A5AE-03AFA55D23D1}"
EndProject
Global
	GlobalSection(SolutionConfigurationPlatforms) = preSolution
		Debug|Any CPU = Debug|Any CPU
		Release|Any CPU = Release|Any CPU
	EndGlobalSection
	GlobalSection(ProjectConfigurationPlatforms) = postSolution
		{06DF6358-4A6F-4B05-ABF8-EB1AAD628DE9}.Debug|Any CPU.ActiveCfg = Debug|Any CPU
		{06DF6358-4A6F-4B05-ABF8-EB1AAD628DE9}.Debug|Any CPU.Build.0 = Debug|Any CPU
		{06DF6358-4A6F-4B05-ABF8-EB1AAD628DE9}.Release|Any CPU.ActiveCfg = Release|Any CPU
		{06DF6358-4A6F-4B05-ABF8-EB1AAD628DE9}.Release|Any CPU.Build.0 = Release|Any CPU
		{0EF9DF3C-0251-4BF4-9911-5132C9A571C8}.Debug|Any CPU.ActiveCfg = Debug|Any CPU
		{0EF9DF3C-0251-4BF4-9911-5132C9A571C8}.Debug|Any CPU.Build.0 = Debug|Any CPU
		{0EF9DF3C-0251-4BF4-9911-5132C9A571C8}.Release|Any CPU.ActiveCfg = Release|Any CPU
		{0EF9DF3C-0251-4BF4-9911-5132C9A571C8}.Release|Any CPU.Build.0 = Release|Any CPU
		{6FF21F31-3F8A-4C06-98DA-420730E94C9E}.Debug|Any CPU.ActiveCfg = Debug|Any CPU
		{6FF21F31-3F8A-4C06-98DA-420730E94C9E}.Debug|Any CPU.Build.0 = Debug|Any CPU
		{6FF21F31-3F8A-4C06-98DA-420730E94C9E}.Release|Any CPU.ActiveCfg = Release|Any CPU
		{6FF21F31-3F8A-4C06-98DA-420730E94C9E}.Release|Any CPU.Build.0 = Release|Any CPU
		{C00D3C83-C997-4E95-80B9-7377EA352384}.Debug|Any CPU.ActiveCfg = Debug|Any CPU
		{C00D3C83-C997-4E95-80B9-7377EA352384}.Debug|Any CPU.Build.0 = Debug|Any CPU
		{C00D3C83-C997-4E95-80B9-7377EA352384}.Release|Any CPU.ActiveCfg = Release|Any CPU
		{C00D3C83-C997-4E95-80B9-7377EA352384}.Release|Any CPU.Build.0 = Release|Any CPU
		{67697963-F08F-462C-A492-1FF73C237D2A}.Debug|Any CPU.ActiveCfg = Debug|Any CPU
		{67697963-F08F-462C-A492-1FF73C237D2A}.Debug|Any CPU.Build.0 = Debug|Any CPU
		{67697963-F08F-462C-A492-1FF73C237D2A}.Release|Any CPU.ActiveCfg = Release|Any CPU
		{67697963-F08F-462C-A492-1FF73C237D2A}.Release|Any CPU.Build.0 = Release|Any CPU
		{31E5CDE2-4363-4122-B856-ED45026C38F6}.Debug|Any CPU.ActiveCfg = Debug|Any CPU
		{31E5CDE2-4363-4122-B856-ED45026C38F6}.Debug|Any CPU.Build.0 = Debug|Any CPU
		{31E5CDE2-4363-4122-B856-ED45026C38F6}.Release|Any CPU.ActiveCfg = Release|Any CPU
		{31E5CDE2-4363-4122-B856-ED45026C38F6}.Release|Any CPU.Build.0 = Release|Any CPU
		{30F30D13-4E3B-4737-AB61-F0D16FB32876}.Debug|Any CPU.ActiveCfg = Debug|Any CPU
		{30F30D13-4E3B-4737-AB61-F0D16FB32876}.Debug|Any CPU.Build.0 = Debug|Any CPU
		{30F30D13-4E3B-4737-AB61-F0D16FB32876}.Release|Any CPU.ActiveCfg = Release|Any CPU
		{30F30D13-4E3B-4737-AB61-F0D16FB32876}.Release|Any CPU.Build.0 = Release|Any CPU
		{9541EE80-A472-4D1D-AF97-34A34238F9FF}.Debug|Any CPU.ActiveCfg = Debug|Any CPU
		{9541EE80-A472-4D1D-AF97-34A34238F9FF}.Debug|Any CPU.Build.0 = Debug|Any CPU
		{9541EE80-A472-4D1D-AF97-34A34238F9FF}.Release|Any CPU.ActiveCfg = Release|Any CPU
		{9541EE80-A472-4D1D-AF97-34A34238F9FF}.Release|Any CPU.Build.0 = Release|Any CPU
		{681ED026-3BD2-4DFA-A5AE-03AFA55D23D1}.Debug|Any CPU.ActiveCfg = Debug|Any CPU
		{681ED026-3BD2-4DFA-A5AE-03AFA55D23D1}.Debug|Any CPU.Build.0 = Debug|Any CPU
		{681ED026-3BD2-4DFA-A5AE-03AFA55D23D1}.Release|Any CPU.ActiveCfg = Release|Any CPU
		{681ED026-3BD2-4DFA-A5AE-03AFA55D23D1}.Release|Any CPU.Build.0 = Release|Any CPU
	EndGlobalSection
	GlobalSection(SolutionProperties) = preSolution
		HideSolutionNode = FALSE
	EndGlobalSection
EndGlobal
